{
  "name": "rabbitmq-streams",
  "version": "1.0.0",
  "lockfileVersion": 3,
  "requires": true,
  "packages": {
    "": {
      "name": "rabbitmq-streams",
      "version": "1.0.0",
      "license": "ISC",
      "dependencies": {
        "crypto": "^1.0.1",
        "rabbitmq-stream-js-client": "^0.6.2"
      }
    },
    "node_modules/crypto": {
      "version": "1.0.1",
      "resolved": "https://registry.npmjs.org/crypto/-/crypto-1.0.1.tgz",
      "integrity": "sha512-VxBKmeNcqQdiUQUW2Tzq0t377b54N2bMtXO/qiLa+6eRRmmC4qT3D4OnTGoT/U6O9aklQ/jTwbOtRMTTY8G0Ig==",
      "deprecated": "This package is no longer supported. It's now a built-in Node module. If you've depended on crypto, you should switch to the one that's built-in.",
      "license": "ISC"
    },
    "node_modules/rabbitmq-stream-js-client": {
      "version": "0.6.2",
      "resolved": "https://registry.npmjs.org/rabbitmq-stream-js-client/-/rabbitmq-stream-js-client-0.6.2.tgz",
      "integrity": "sha512-MXNC7hacnoUCdpIurR26PU7Mq18JOEmCCeLtzmjZMbMUT3rAWp5jQSpw8HTCXCt/ENyiwW9h3j2uOqzR8B3RCQ==",
      "license": "ISC",
      "dependencies": {
        "semver": "^7.5.4"
      }
    },
    "node_modules/semver": {
      "version": "7.7.2",
      "resolved": "https://registry.npmjs.org/semver/-/semver-7.7.2.tgz",
      "integrity": "sha512-RF0Fw+rO5AMf9MAyaRXI4AV0Ulj5lMHqVxxdSgiVbixSCXoEmmX/jk0CuJw4+3SqroYO9VoUh+HcuJivvtJemA==",
      "license": "ISC",
      "bin": {
        "semver": "bin/semver.js"
      },
      "engines": {
        "node": ">=10"
      }
    }
  }
}
